
Microsoft Visual Studio Solution File, Format Version 12.00
# Visual Studio 2012
Project("{FAE04EC0-301F-11D3-BF4B-00C04F79EFBC}") = "Xamarin.MacDev", "Xamarin.MacDev\Xamarin.MacDev.csproj", "{CC3D9353-20C4-467A-8522-A9DED6F0C753}"
EndProject
Global
	GlobalSection(SolutionConfigurationPlatforms) = preSolution
		Debug|Any CPU = Debug|Any CPU
		Release|Any CPU = Release|Any CPU
	EndGlobalSection
	GlobalSection(ProjectConfigurationPlatforms) = postSolution
		{CC3D9353-20C4-467A-8522-A9DED6F0C753}.Debug|Any CPU.ActiveCfg = Debug|Any CPU
		{CC3D9353-20C4-467A-8522-A9DED6F0C753}.Debug|Any CPU.Build.0 = Debug|Any CPU
		{CC3D9353-20C4-467A-8522-A9DED6F0C753}.Release|Any CPU.ActiveCfg = Debug|Any CPU
		{CC3D9353-20C4-467A-8522-A9DED6F0C753}.Release|Any CPU.Build.0 = Debug|Any CPU
	EndGlobalSection
EndGlobal
